
Microsoft Visual Studio Solution File, Format Version 12.00
# Visual Studio Version 17
VisualStudioVersion = 17.0.31903.59
MinimumVisualStudioVersion = 10.0.40219.1
Project("{2150E333-8FDC-42A3-9474-1A3956D46DE8}") = "src", "src", "{827E0CD3-B72D-47B6-A68D-7590B98EB39B}"
EndProject
Project("{FAE04EC0-301F-11D3-BF4B-00C04F79EFBC}") = "MicroCalc.Core", "src\MicroCalc.Core\MicroCalc.Core.csproj", "{29719FFA-838E-4983-8CA7-649487B0B1C5}"
EndProject
Project("{FAE04EC0-301F-11D3-BF4B-00C04F79EFBC}") = "MicroCalc.Tui", "src\MicroCalc.Tui\MicroCalc.Tui.csproj", "{CEE7C6DD-5B58-47B8-9821-E54AE1F16A9D}"
EndProject
Project("{2150E333-8FDC-42A3-9474-1A3956D46DE8}") = "tests", "tests", "{0AB3BF05-4346-4AA6-1389-037BE0695223}"
EndProject
Project("{FAE04EC0-301F-11D3-BF4B-00C04F79EFBC}") = "MicroCalc.Core.Tests", "tests\MicroCalc.Core.Tests\MicroCalc.Core.Tests.csproj", "{3BA72437-7FB8-42B6-9A29-25B999474C9A}"
EndProject
Global
	GlobalSection(SolutionConfigurationPlatforms) = preSolution
		Debug|Any CPU = Debug|Any CPU
		Debug|x64 = Debug|x64
		Debug|x86 = Debug|x86
		Release|Any CPU = Release|Any CPU
		Release|x64 = Release|x64
		Release|x86 = Release|x86
	EndGlobalSection
	GlobalSection(ProjectConfigurationPlatforms) = postSolution
		{29719FFA-838E-4983-8CA7-649487B0B1C5}.Debug|Any CPU.ActiveCfg = Debug|Any CPU
		{29719FFA-838E-4983-8CA7-649487B0B1C5}.Debug|Any CPU.Build.0 = Debug|Any CPU
		{29719FFA-838E-4983-8CA7-649487B0B1C5}.Debug|x64.ActiveCfg = Debug|Any CPU
		{29719FFA-838E-4983-8CA7-649487B0B1C5}.Debug|x64.Build.0 = Debug|Any CPU
		{29719FFA-838E-4983-8CA7-649487B0B1C5}.Debug|x86.ActiveCfg = Debug|Any CPU
		{29719FFA-838E-4983-8CA7-649487B0B1C5}.Debug|x86.Build.0 = Debug|Any CPU
		{29719FFA-838E-4983-8CA7-649487B0B1C5}.Release|Any CPU.ActiveCfg = Release|Any CPU
		{29719FFA-838E-4983-8CA7-649487B0B1C5}.Release|Any CPU.Build.0 = Release|Any CPU
		{29719FFA-838E-4983-8CA7-649487B0B1C5}.Release|x64.ActiveCfg = Release|Any CPU
		{29719FFA-838E-4983-8CA7-649487B0B1C5}.Release|x64.Build.0 = Release|Any CPU
		{29719FFA-838E-4983-8CA7-649487B0B1C5}.Release|x86.ActiveCfg = Release|Any CPU
		{29719FFA-838E-4983-8CA7-649487B0B1C5}.Release|x86.Build.0 = Release|Any CPU
		{CEE7C6DD-5B58-47B8-9821-E54AE1F16A9D}.Debug|Any CPU.ActiveCfg = Debug|Any CPU
		{CEE7C6DD-5B58-47B8-9821-E54AE1F16A9D}.Debug|Any CPU.Build.0 = Debug|Any CPU
		{CEE7C6DD-5B58-47B8-9821-E54AE1F16A9D}.Debug|x64.ActiveCfg = Debug|Any CPU
		{CEE7C6DD-5B58-47B8-9821-E54AE1F16A9D}.Debug|x64.Build.0 = Debug|Any CPU
		{CEE7C6DD-5B58-47B8-9821-E54AE1F16A9D}.Debug|x86.ActiveCfg = Debug|Any CPU
		{CEE7C6DD-5B58-47B8-9821-E54AE1F16A9D}.Debug|x86.Build.0 = Debug|Any CPU
		{CEE7C6DD-5B58-47B8-9821-E54AE1F16A9D}.Release|Any CPU.ActiveCfg = Release|Any CPU
		{CEE7C6DD-5B58-47B8-9821-E54AE1F16A9D}.Release|Any CPU.Build.0 = Release|Any CPU
		{CEE7C6DD-5B58-47B8-9821-E54AE1F16A9D}.Release|x64.ActiveCfg = Release|Any CPU
		{CEE7C6DD-5B58-47B8-9821-E54AE1F16A9D}.Release|x64.Build.0 = Release|Any CPU
		{CEE7C6DD-5B58-47B8-9821-E54AE1F16A9D}.Release|x86.ActiveCfg = Release|Any CPU
		{CEE7C6DD-5B58-47B8-9821-E54AE1F16A9D}.Release|x86.Build.0 = Release|Any CPU
		{3BA72437-7FB8-42B6-9A29-25B999474C9A}.Debug|Any CPU.ActiveCfg = Debug|Any CPU
		{3BA72437-7FB8-42B6-9A29-25B999474C9A}.Debug|Any CPU.Build.0 = Debug|Any CPU
		{3BA72437-7FB8-42B6-9A29-25B999474C9A}.Debug|x64.ActiveCfg = Debug|Any CPU
		{3BA72437-7FB8-42B6-9A29-25B999474C9A}.Debug|x64.Build.0 = Debug|Any CPU
		{3BA72437-7FB8-42B6-9A29-25B999474C9A}.Debug|x86.ActiveCfg = Debug|Any CPU
		{3BA72437-7FB8-42B6-9A29-25B999474C9A}.Debug|x86.Build.0 = Debug|Any CPU
		{3BA72437-7FB8-42B6-9A29-25B999474C9A}.Release|Any CPU.ActiveCfg = Release|Any CPU
		{3BA72437-7FB8-42B6-9A29-25B999474C9A}.Release|Any CPU.Build.0 = Release|Any CPU
		{3BA72437-7FB8-42B6-9A29-25B999474C9A}.Release|x64.ActiveCfg = Release|Any CPU
		{3BA72437-7FB8-42B6-9A29-25B999474C9A}.Release|x64.Build.0 = Release|Any CPU
		{3BA72437-7FB8-42B6-9A29-25B999474C9A}.Release|x86.ActiveCfg = Release|Any CPU
		{3BA72437-7FB8-42B6-9A29-25B999474C9A}.Release|x86.Build.0 = Release|Any CPU
	EndGlobalSection
	GlobalSection(SolutionProperties) = preSolution
		HideSolutionNode = FALSE
	EndGlobalSection
	GlobalSection(NestedProjects) = preSolution
		{29719FFA-838E-4983-8CA7-649487B0B1C5} = {827E0CD3-B72D-47B6-A68D-7590B98EB39B}
		{CEE7C6DD-5B58-47B8-9821-E54AE1F16A9D} = {827E0CD3-B72D-47B6-A68D-7590B98EB39B}
		{3BA72437-7FB8-42B6-9A29-25B999474C9A} = {0AB3BF05-4346-4AA6-1389-037BE0695223}
	EndGlobalSection
EndGlobal
